
Microsoft Visual Studio Solution File, Format Version 10.00
# Visual Studio 2008
Project("{2150E333-8FDC-42A3-9474-1A3956D46DE8}") = "Core", "Core", "{EB257974-ED3B-4CDB-9EC6-A47038C9403E}"
EndProject
Project("{FAE04EC0-301F-11D3-BF4B-00C04F79EFBC}") = "SharpWordNet", "SharpWordNet\SharpWordNet.csproj", "{4C78C577-D001-45EA-9893-F5570BAB16C0}"
EndProject
Project("{FAE04EC0-301F-11D3-BF4B-00C04F79EFBC}") = "OpenNLP", "OpenNLP\OpenNLP.csproj", "{B70185DF-81FD-4417-914F-7C90E65E7D9F}"
	ProjectSection(ProjectDependencies) = postProject
		{4C78C577-D001-45EA-9893-F5570BAB16C0} = {4C78C577-D001-45EA-9893-F5570BAB16C0}
	EndProjectSection
EndProject
Project("{FAE04EC0-301F-11D3-BF4B-00C04F79EFBC}") = "SharpEntropy", "SharpEntropy\SharpEntropy.csproj", "{BF0BF8B0-1894-4EDF-BF51-F370B063797E}"
EndProject
Project("{2150E333-8FDC-42A3-9474-1A3956D46DE8}") = "BNLP", "BNLP", "{296D9241-84CF-48A9-8ED3-4C3BE52FF1A0}"
EndProject
Project("{FAE04EC0-301F-11D3-BF4B-00C04F79EFBC}") = "NLPToken", "Token\NLPToken.csproj", "{3D0CD959-CB16-4410-BC77-DE98203C27E2}"
EndProject
Project("{2150E333-8FDC-42A3-9474-1A3956D46DE8}") = "ASProxy", "ASProxy", "{FE05BDCA-1815-4914-9B8B-1F3F972FD576}"
EndProject
Project("{FAE04EC0-301F-11D3-BF4B-00C04F79EFBC}") = "SalarSoft.ASProxy", "..\ASproxy\SalarSoft.ASProxy\SalarSoft.ASProxy.csproj", "{B3B14BA8-D028-4B01-92B6-36D2E7F6CCB5}"
EndProject
Project("{FAE04EC0-301F-11D3-BF4B-00C04F79EFBC}") = "AsProxy2008", "..\ASproxy\ASProxy\AsProxy2008.csproj", "{39965F50-2D69-42C0-8800-9D4F92527ED0}"
EndProject
Project("{FAE04EC0-301F-11D3-BF4B-00C04F79EFBC}") = "BNLP", "..\BNLP2008\BNLP.csproj", "{4227F851-3DBC-4282-89B6-F6742057BCB5}"
EndProject
Project("{2150E333-8FDC-42A3-9474-1A3956D46DE8}") = "Html Parser", "Html Parser", "{70DFC493-BF24-4D47-9795-F33F368E8362}"
EndProject
Project("{FAE04EC0-301F-11D3-BF4B-00C04F79EFBC}") = "HtmlAgilityPack", "..\Html Parser\HtmlAgilityPack\HtmlAgilityPack.csproj", "{193BB801-054F-4729-9D5D-FCE1E32594BF}"
EndProject
Project("{FAE04EC0-301F-11D3-BF4B-00C04F79EFBC}") = "UnitTest", "..\UnitTest\UnitTest.csproj", "{E5D3219D-EE7C-4914-8C0E-3A97267C3B9B}"
EndProject
Project("{2150E333-8FDC-42A3-9474-1A3956D46DE8}") = "GoogleTranslator", "GoogleTranslator", "{2C50C883-1A00-44EE-B70A-A70FA84873EB}"
EndProject
Project("{FAE04EC0-301F-11D3-BF4B-00C04F79EFBC}") = "GoogleTranslator", "..\GoogleTranslator\GoogleTranslator.csproj", "{85533C9A-52BE-47D6-AB12-53FB3B54F999}"
EndProject
Global
	GlobalSection(SolutionConfigurationPlatforms) = preSolution
		Debug|Any CPU = Debug|Any CPU
		Release|Any CPU = Release|Any CPU
		Trace|Any CPU = Trace|Any CPU
	EndGlobalSection
	GlobalSection(ProjectConfigurationPlatforms) = postSolution
		{4C78C577-D001-45EA-9893-F5570BAB16C0}.Debug|Any CPU.ActiveCfg = Debug|Any CPU
		{4C78C577-D001-45EA-9893-F5570BAB16C0}.Debug|Any CPU.Build.0 = Debug|Any CPU
		{4C78C577-D001-45EA-9893-F5570BAB16C0}.Release|Any CPU.ActiveCfg = Release|Any CPU
		{4C78C577-D001-45EA-9893-F5570BAB16C0}.Release|Any CPU.Build.0 = Release|Any CPU
		{4C78C577-D001-45EA-9893-F5570BAB16C0}.Trace|Any CPU.ActiveCfg = Release|Any CPU
		{4C78C577-D001-45EA-9893-F5570BAB16C0}.Trace|Any CPU.Build.0 = Release|Any CPU
		{B70185DF-81FD-4417-914F-7C90E65E7D9F}.Debug|Any CPU.ActiveCfg = Debug|Any CPU
		{B70185DF-81FD-4417-914F-7C90E65E7D9F}.Debug|Any CPU.Build.0 = Debug|Any CPU
		{B70185DF-81FD-4417-914F-7C90E65E7D9F}.Release|Any CPU.ActiveCfg = Release|Any CPU
		{B70185DF-81FD-4417-914F-7C90E65E7D9F}.Release|Any CPU.Build.0 = Release|Any CPU
		{B70185DF-81FD-4417-914F-7C90E65E7D9F}.Trace|Any CPU.ActiveCfg = Release|Any CPU
		{B70185DF-81FD-4417-914F-7C90E65E7D9F}.Trace|Any CPU.Build.0 = Release|Any CPU
		{BF0BF8B0-1894-4EDF-BF51-F370B063797E}.Debug|Any CPU.ActiveCfg = Debug|Any CPU
		{BF0BF8B0-1894-4EDF-BF51-F370B063797E}.Debug|Any CPU.Build.0 = Debug|Any CPU
		{BF0BF8B0-1894-4EDF-BF51-F370B063797E}.Release|Any CPU.ActiveCfg = Release|Any CPU
		{BF0BF8B0-1894-4EDF-BF51-F370B063797E}.Release|Any CPU.Build.0 = Release|Any CPU
		{BF0BF8B0-1894-4EDF-BF51-F370B063797E}.Trace|Any CPU.ActiveCfg = Release|Any CPU
		{BF0BF8B0-1894-4EDF-BF51-F370B063797E}.Trace|Any CPU.Build.0 = Release|Any CPU
		{3D0CD959-CB16-4410-BC77-DE98203C27E2}.Debug|Any CPU.ActiveCfg = Debug|Any CPU
		{3D0CD959-CB16-4410-BC77-DE98203C27E2}.Debug|Any CPU.Build.0 = Debug|Any CPU
		{3D0CD959-CB16-4410-BC77-DE98203C27E2}.Release|Any CPU.ActiveCfg = Release|Any CPU
		{3D0CD959-CB16-4410-BC77-DE98203C27E2}.Release|Any CPU.Build.0 = Release|Any CPU
		{3D0CD959-CB16-4410-BC77-DE98203C27E2}.Trace|Any CPU.ActiveCfg = Release|Any CPU
		{3D0CD959-CB16-4410-BC77-DE98203C27E2}.Trace|Any CPU.Build.0 = Release|Any CPU
		{B3B14BA8-D028-4B01-92B6-36D2E7F6CCB5}.Debug|Any CPU.ActiveCfg = Debug|Any CPU
		{B3B14BA8-D028-4B01-92B6-36D2E7F6CCB5}.Debug|Any CPU.Build.0 = Debug|Any CPU
		{B3B14BA8-D028-4B01-92B6-36D2E7F6CCB5}.Release|Any CPU.ActiveCfg = Release|Any CPU
		{B3B14BA8-D028-4B01-92B6-36D2E7F6CCB5}.Release|Any CPU.Build.0 = Release|Any CPU
		{B3B14BA8-D028-4B01-92B6-36D2E7F6CCB5}.Trace|Any CPU.ActiveCfg = Trace|Any CPU
		{B3B14BA8-D028-4B01-92B6-36D2E7F6CCB5}.Trace|Any CPU.Build.0 = Trace|Any CPU
		{39965F50-2D69-42C0-8800-9D4F92527ED0}.Debug|Any CPU.ActiveCfg = Debug|Any CPU
		{39965F50-2D69-42C0-8800-9D4F92527ED0}.Debug|Any CPU.Build.0 = Debug|Any CPU
		{39965F50-2D69-42C0-8800-9D4F92527ED0}.Release|Any CPU.ActiveCfg = Release|Any CPU
		{39965F50-2D69-42C0-8800-9D4F92527ED0}.Release|Any CPU.Build.0 = Release|Any CPU
		{39965F50-2D69-42C0-8800-9D4F92527ED0}.Trace|Any CPU.ActiveCfg = Release|Any CPU
		{39965F50-2D69-42C0-8800-9D4F92527ED0}.Trace|Any CPU.Build.0 = Release|Any CPU
		{4227F851-3DBC-4282-89B6-F6742057BCB5}.Debug|Any CPU.ActiveCfg = Debug|Any CPU
		{4227F851-3DBC-4282-89B6-F6742057BCB5}.Debug|Any CPU.Build.0 = Debug|Any CPU
		{4227F851-3DBC-4282-89B6-F6742057BCB5}.Release|Any CPU.ActiveCfg = Release|Any CPU
		{4227F851-3DBC-4282-89B6-F6742057BCB5}.Release|Any CPU.Build.0 = Release|Any CPU
		{4227F851-3DBC-4282-89B6-F6742057BCB5}.Trace|Any CPU.ActiveCfg = Release|Any CPU
		{4227F851-3DBC-4282-89B6-F6742057BCB5}.Trace|Any CPU.Build.0 = Release|Any CPU
		{193BB801-054F-4729-9D5D-FCE1E32594BF}.Debug|Any CPU.ActiveCfg = Debug|Any CPU
		{193BB801-054F-4729-9D5D-FCE1E32594BF}.Debug|Any CPU.Build.0 = Debug|Any CPU
		{193BB801-054F-4729-9D5D-FCE1E32594BF}.Release|Any CPU.ActiveCfg = Release|Any CPU
		{193BB801-054F-4729-9D5D-FCE1E32594BF}.Release|Any CPU.Build.0 = Release|Any CPU
		{193BB801-054F-4729-9D5D-FCE1E32594BF}.Trace|Any CPU.ActiveCfg = Release|Any CPU
		{193BB801-054F-4729-9D5D-FCE1E32594BF}.Trace|Any CPU.Build.0 = Release|Any CPU
		{E5D3219D-EE7C-4914-8C0E-3A97267C3B9B}.Debug|Any CPU.ActiveCfg = Debug|Any CPU
		{E5D3219D-EE7C-4914-8C0E-3A97267C3B9B}.Debug|Any CPU.Build.0 = Debug|Any CPU
		{E5D3219D-EE7C-4914-8C0E-3A97267C3B9B}.Release|Any CPU.ActiveCfg = Release|Any CPU
		{E5D3219D-EE7C-4914-8C0E-3A97267C3B9B}.Release|Any CPU.Build.0 = Release|Any CPU
		{E5D3219D-EE7C-4914-8C0E-3A97267C3B9B}.Trace|Any CPU.ActiveCfg = Release|Any CPU
		{E5D3219D-EE7C-4914-8C0E-3A97267C3B9B}.Trace|Any CPU.Build.0 = Release|Any CPU
		{85533C9A-52BE-47D6-AB12-53FB3B54F999}.Debug|Any CPU.ActiveCfg = Debug|Any CPU
		{85533C9A-52BE-47D6-AB12-53FB3B54F999}.Debug|Any CPU.Build.0 = Debug|Any CPU
		{85533C9A-52BE-47D6-AB12-53FB3B54F999}.Release|Any CPU.ActiveCfg = Release|Any CPU
		{85533C9A-52BE-47D6-AB12-53FB3B54F999}.Release|Any CPU.Build.0 = Release|Any CPU
		{85533C9A-52BE-47D6-AB12-53FB3B54F999}.Trace|Any CPU.ActiveCfg = Release|Any CPU
		{85533C9A-52BE-47D6-AB12-53FB3B54F999}.Trace|Any CPU.Build.0 = Release|Any CPU
	EndGlobalSection
	GlobalSection(SolutionProperties) = preSolution
		HideSolutionNode = FALSE
	EndGlobalSection
	GlobalSection(NestedProjects) = preSolution
		{4C78C577-D001-45EA-9893-F5570BAB16C0} = {EB257974-ED3B-4CDB-9EC6-A47038C9403E}
		{B70185DF-81FD-4417-914F-7C90E65E7D9F} = {EB257974-ED3B-4CDB-9EC6-A47038C9403E}
		{BF0BF8B0-1894-4EDF-BF51-F370B063797E} = {EB257974-ED3B-4CDB-9EC6-A47038C9403E}
		{3D0CD959-CB16-4410-BC77-DE98203C27E2} = {296D9241-84CF-48A9-8ED3-4C3BE52FF1A0}
		{4227F851-3DBC-4282-89B6-F6742057BCB5} = {296D9241-84CF-48A9-8ED3-4C3BE52FF1A0}
		{B3B14BA8-D028-4B01-92B6-36D2E7F6CCB5} = {FE05BDCA-1815-4914-9B8B-1F3F972FD576}
		{39965F50-2D69-42C0-8800-9D4F92527ED0} = {FE05BDCA-1815-4914-9B8B-1F3F972FD576}
		{193BB801-054F-4729-9D5D-FCE1E32594BF} = {70DFC493-BF24-4D47-9795-F33F368E8362}
		{85533C9A-52BE-47D6-AB12-53FB3B54F999} = {2C50C883-1A00-44EE-B70A-A70FA84873EB}
	EndGlobalSection
	GlobalSection(MonoDevelopProperties) = preSolution
		StartupItem = ..\BNLP\BNLP2005\BNLP2008\BNLP2008.csproj
	EndGlobalSection
	GlobalSection(TeamFoundationVersionControl) = preSolution
		SccNumberOfProjects = 9
		SccEnterpriseProvider = {4CA58AB2-18FA-4F8D-95D4-32DDF27D184C}
		SccTeamFoundationServer = https://tfs01.codeplex.com/
		SccLocalPath0 = .
		SccProjectUniqueName1 = Lithium\\Lithium.csproj
		SccProjectName1 = Lithium
		SccLocalPath1 = Lithium
		SccProjectUniqueName2 = ModelConverter\\ModelConverter.csproj
		SccProjectName2 = ModelConverter
		SccLocalPath2 = ModelConverter
		SccProjectUniqueName3 = OpenNLP\\OpenNLP.csproj
		SccProjectName3 = OpenNLP
		SccLocalPath3 = OpenNLP
		SccProjectUniqueName4 = ParseTree\\ParseTree.csproj
		SccProjectName4 = ParseTree
		SccLocalPath4 = ParseTree
		SccProjectUniqueName5 = ToolsExample\\ToolsExample.csproj
		SccProjectName5 = ToolsExample
		SccLocalPath5 = ToolsExample
		SccProjectUniqueName6 = ..\\SharpEntropy\\SharpEntropy.csproj
		SccProjectName6 = ../SharpEntropy
		SccLocalPath6 = ..\\SharpEntropy
		SccProjectUniqueName7 = ..\\SharpEntropy\\SharpEntropySqlite\\SharpEntropySqlite.csproj
		SccProjectName7 = ../SharpEntropy/SharpEntropySqlite
		SccLocalPath7 = ..\\SharpEntropy\\SharpEntropySqlite
		SccProjectUniqueName8 = SharpWordNet\\SharpWordNet.csproj
		SccProjectName8 = SharpWordNet
		SccLocalPath8 = SharpWordNet
	EndGlobalSection
EndGlobal
